// !$*UTF8*$!
{
	archiveVersion = 1;
	classes = {
	};
	objectVersion = 47;
	objects = {

/* Begin PBXBuildFile section */
		8214D3D31A9B3B3A00CF666F /* Preferences.xib in Resources */ = {isa = PBXBuildFile; fileRef = 8214D3D51A9B3B3A00CF666F /* Preferences.xib */; };
		8214D3DC1A9B3CEE00CF666F /* Localizable.strings in Resources */ = {isa = PBXBuildFile; fileRef = 8214D3DE1A9B3CEE00CF666F /* Localizable.strings */; };
		823078B81A96369900C29429 /* CCALuminosityControler.swift in Sources */ = {isa = PBXBuildFile; fileRef = 823078B71A96369900C29429 /* CCALuminosityControler.swift */; };
		824A66A41A80BDC600AB0738 /* ColourBrightnessDifferenceAlgorithm.swift in Sources */ = {isa = PBXBuildFile; fileRef = 824A66A31A80BDC600AB0738 /* ColourBrightnessDifferenceAlgorithm.swift */; };
		824A66A61A80BFAF00AB0738 /* CCAColourBrightnessDifferenceField.swift in Sources */ = {isa = PBXBuildFile; fileRef = 824A66A51A80BFAF00AB0738 /* CCAColourBrightnessDifferenceField.swift */; };
		825B1D061A78EDEC002B8272 /* LuminosityAlgorithm.swift in Sources */ = {isa = PBXBuildFile; fileRef = 825B1D051A78EDEC002B8272 /* LuminosityAlgorithm.swift */; };
		826E66401A938586007FA9CA /* CCAPickerController.swift in Sources */ = {isa = PBXBuildFile; fileRef = 826E663F1A938586007FA9CA /* CCAPickerController.swift */; };
		826E66421A93890E007FA9CA /* ColourPicker.xib in Resources */ = {isa = PBXBuildFile; fileRef = 826E66411A93890E007FA9CA /* ColourPicker.xib */; };
		8275E1441A95FD9900EC53ED /* CCAColourDeficiencyController.swift in Sources */ = {isa = PBXBuildFile; fileRef = 8275E1431A95FD9900EC53ED /* CCAColourDeficiencyController.swift */; };
		8275E14A1A96151B00EC53ED /* Credits.rtf in Resources */ = {isa = PBXBuildFile; fileRef = 8275E14C1A96151B00EC53ED /* Credits.rtf */; };
		8275E1541A961A9100EC53ED /* CCAPreferencesController.swift in Sources */ = {isa = PBXBuildFile; fileRef = 8275E1531A961A9100EC53ED /* CCAPreferencesController.swift */; };
		827DD9A01C980F4A0063E7E5 /* ColourHeaderView.xib in Resources */ = {isa = PBXBuildFile; fileRef = 827DD99F1C980F4A0063E7E5 /* ColourHeaderView.xib */; };
		827DD9A21C98128F0063E7E5 /* CCAColour.swift in Sources */ = {isa = PBXBuildFile; fileRef = 827DD9A11C98128F0063E7E5 /* CCAColour.swift */; };
		827DD9A41C9812F40063E7E5 /* CCAColourHeaderController.swift in Sources */ = {isa = PBXBuildFile; fileRef = 827DD9A31C9812F40063E7E5 /* CCAColourHeaderController.swift */; };
		827DD9A61C981EC30063E7E5 /* ColourPreviewView.xib in Resources */ = {isa = PBXBuildFile; fileRef = 827DD9A51C981EC30063E7E5 /* ColourPreviewView.xib */; };
		827DD9A81C981FA90063E7E5 /* CCAColourPreviewController.swift in Sources */ = {isa = PBXBuildFile; fileRef = 827DD9A71C981FA90063E7E5 /* CCAColourPreviewController.swift */; };
		828B3BB91A77AC2E001A8BAF /* SwiftColors.swift in Sources */ = {isa = PBXBuildFile; fileRef = 828B3BB81A77AC2E001A8BAF /* SwiftColors.swift */; };
		828B3BBB1A77CFA2001A8BAF /* CCAColourBrightnessDifferenceController.swift in Sources */ = {isa = PBXBuildFile; fileRef = 828B3BBA1A77CFA2001A8BAF /* CCAColourBrightnessDifferenceController.swift */; };
		829F4F1F1C69D9A100F29C29 /* ColourRGBView.xib in Resources */ = {isa = PBXBuildFile; fileRef = 829F4F1E1C69D9A100F29C29 /* ColourRGBView.xib */; };
		82B8198A1A976AED006889E7 /* ColourDeficiencyAlgorithm.swift in Sources */ = {isa = PBXBuildFile; fileRef = 82B819891A976AED006889E7 /* ColourDeficiencyAlgorithm.swift */; };
		82C35FFF1A76621600D2B3D0 /* AppDelegate.swift in Sources */ = {isa = PBXBuildFile; fileRef = 82C35FFE1A76621600D2B3D0 /* AppDelegate.swift */; };
		82C360041A76621600D2B3D0 /* MainWindow.xib in Resources */ = {isa = PBXBuildFile; fileRef = 82C360021A76621600D2B3D0 /* MainWindow.xib */; };
		82C745D71A7F939D00FC3648 /* CCALuminosityLevelField.swift in Sources */ = {isa = PBXBuildFile; fileRef = 82C745D61A7F939D00FC3648 /* CCALuminosityLevelField.swift */; };
		82CD6E671A8BA4A10016798B /* CCAPickerView.swift in Sources */ = {isa = PBXBuildFile; fileRef = 82CD6E661A8BA4A10016798B /* CCAPickerView.swift */; };
		82ED9EBC1CF87617004E3A82 /* Images.xcassets in Resources */ = {isa = PBXBuildFile; fileRef = 82ED9EBB1CF87617004E3A82 /* Images.xcassets */; };
		82FFCA261C688D86004F9E3C /* CCAColourRGBController.swift in Sources */ = {isa = PBXBuildFile; fileRef = 82FFCA251C688D86004F9E3C /* CCAColourRGBController.swift */; };
/* End PBXBuildFile section */

/* Begin PBXFileReference section */
		8214D3D41A9B3B3A00CF666F /* Base */ = {isa = PBXFileReference; lastKnownFileType = file.xib; name = Base; path = Base.lproj/Preferences.xib; sourceTree = "<group>"; };
		8214D3D71A9B3B3D00CF666F /* en */ = {isa = PBXFileReference; lastKnownFileType = text.plist.strings; name = en; path = en.lproj/Preferences.strings; sourceTree = "<group>"; };
		8214D3D91A9B3B3F00CF666F /* fr */ = {isa = PBXFileReference; lastKnownFileType = text.plist.strings; name = fr; path = fr.lproj/Preferences.strings; sourceTree = "<group>"; };
		8214D3DF1A9B3CF100CF666F /* en */ = {isa = PBXFileReference; fileEncoding = 4; lastKnownFileType = text.plist.strings; name = en; path = en.lproj/Localizable.strings; sourceTree = "<group>"; };
		8214D3E01A9B3CF300CF666F /* fr */ = {isa = PBXFileReference; fileEncoding = 4; lastKnownFileType = text.plist.strings; name = fr; path = fr.lproj/Localizable.strings; sourceTree = "<group>"; };
		823078B71A96369900C29429 /* CCALuminosityControler.swift */ = {isa = PBXFileReference; fileEncoding = 4; lastKnownFileType = sourcecode.swift; path = CCALuminosityControler.swift; sourceTree = "<group>"; };
		823A7C761A9B22DE008870C4 /* en */ = {isa = PBXFileReference; lastKnownFileType = text.plist.strings; name = en; path = en.lproj/MainWindow.strings; sourceTree = "<group>"; };
		823A7C781A9B2893008870C4 /* fr */ = {isa = PBXFileReference; lastKnownFileType = text.plist.strings; name = fr; path = fr.lproj/MainWindow.strings; sourceTree = "<group>"; };
		824A66A31A80BDC600AB0738 /* ColourBrightnessDifferenceAlgorithm.swift */ = {isa = PBXFileReference; fileEncoding = 4; lastKnownFileType = sourcecode.swift; path = ColourBrightnessDifferenceAlgorithm.swift; sourceTree = "<group>"; };
		824A66A51A80BFAF00AB0738 /* CCAColourBrightnessDifferenceField.swift */ = {isa = PBXFileReference; fileEncoding = 4; lastKnownFileType = sourcecode.swift; path = CCAColourBrightnessDifferenceField.swift; sourceTree = "<group>"; };
		825B1D051A78EDEC002B8272 /* LuminosityAlgorithm.swift */ = {isa = PBXFileReference; fileEncoding = 4; lastKnownFileType = sourcecode.swift; path = LuminosityAlgorithm.swift; sourceTree = "<group>"; };
		826E663F1A938586007FA9CA /* CCAPickerController.swift */ = {isa = PBXFileReference; fileEncoding = 4; lastKnownFileType = sourcecode.swift; path = CCAPickerController.swift; sourceTree = "<group>"; };
		826E66411A93890E007FA9CA /* ColourPicker.xib */ = {isa = PBXFileReference; fileEncoding = 4; lastKnownFileType = file.xib; path = ColourPicker.xib; sourceTree = "<group>"; };
		8275E1431A95FD9900EC53ED /* CCAColourDeficiencyController.swift */ = {isa = PBXFileReference; fileEncoding = 4; lastKnownFileType = sourcecode.swift; path = CCAColourDeficiencyController.swift; sourceTree = "<group>"; };
		8275E14B1A96151B00EC53ED /* fr */ = {isa = PBXFileReference; lastKnownFileType = text.rtf; name = fr; path = fr.lproj/Credits.rtf; sourceTree = "<group>"; };
		8275E14E1A96152400EC53ED /* en */ = {isa = PBXFileReference; lastKnownFileType = text.rtf; name = en; path = en.lproj/Credits.rtf; sourceTree = "<group>"; };
		8275E1531A961A9100EC53ED /* CCAPreferencesController.swift */ = {isa = PBXFileReference; fileEncoding = 4; lastKnownFileType = sourcecode.swift; path = CCAPreferencesController.swift; sourceTree = "<group>"; };
		827DD99F1C980F4A0063E7E5 /* ColourHeaderView.xib */ = {isa = PBXFileReference; fileEncoding = 4; lastKnownFileType = file.xib; path = ColourHeaderView.xib; sourceTree = "<group>"; };
		827DD9A11C98128F0063E7E5 /* CCAColour.swift */ = {isa = PBXFileReference; fileEncoding = 4; lastKnownFileType = sourcecode.swift; path = CCAColour.swift; sourceTree = "<group>"; };
		827DD9A31C9812F40063E7E5 /* CCAColourHeaderController.swift */ = {isa = PBXFileReference; fileEncoding = 4; lastKnownFileType = sourcecode.swift; path = CCAColourHeaderController.swift; sourceTree = "<group>"; };
		827DD9A51C981EC30063E7E5 /* ColourPreviewView.xib */ = {isa = PBXFileReference; fileEncoding = 4; lastKnownFileType = file.xib; path = ColourPreviewView.xib; sourceTree = "<group>"; };
		827DD9A71C981FA90063E7E5 /* CCAColourPreviewController.swift */ = {isa = PBXFileReference; fileEncoding = 4; lastKnownFileType = sourcecode.swift; path = CCAColourPreviewController.swift; sourceTree = "<group>"; };
		828B3BB81A77AC2E001A8BAF /* SwiftColors.swift */ = {isa = PBXFileReference; fileEncoding = 4; lastKnownFileType = sourcecode.swift; path = SwiftColors.swift; sourceTree = "<group>"; };
		828B3BBA1A77CFA2001A8BAF /* CCAColourBrightnessDifferenceController.swift */ = {isa = PBXFileReference; fileEncoding = 4; lastKnownFileType = sourcecode.swift; path = CCAColourBrightnessDifferenceController.swift; sourceTree = "<group>"; };
		829F4F1E1C69D9A100F29C29 /* ColourRGBView.xib */ = {isa = PBXFileReference; fileEncoding = 4; lastKnownFileType = file.xib; path = ColourRGBView.xib; sourceTree = "<group>"; };
		82B819891A976AED006889E7 /* ColourDeficiencyAlgorithm.swift */ = {isa = PBXFileReference; fileEncoding = 4; lastKnownFileType = sourcecode.swift; path = ColourDeficiencyAlgorithm.swift; sourceTree = "<group>"; };
		82C35FF91A76621600D2B3D0 /* Colour Contrast Analyser.app */ = {isa = PBXFileReference; explicitFileType = wrapper.application; includeInIndex = 0; path = "Colour Contrast Analyser.app"; sourceTree = BUILT_PRODUCTS_DIR; };
		82C35FFD1A76621600D2B3D0 /* Info.plist */ = {isa = PBXFileReference; lastKnownFileType = text.plist.xml; path = Info.plist; sourceTree = "<group>"; };
		82C35FFE1A76621600D2B3D0 /* AppDelegate.swift */ = {isa = PBXFileReference; lastKnownFileType = sourcecode.swift; path = AppDelegate.swift; sourceTree = "<group>"; };
		82C360031A76621600D2B3D0 /* Base */ = {isa = PBXFileReference; lastKnownFileType = file.xib; name = Base; path = Base.lproj/MainWindow.xib; sourceTree = "<group>"; };
		82C745D61A7F939D00FC3648 /* CCALuminosityLevelField.swift */ = {isa = PBXFileReference; fileEncoding = 4; lastKnownFileType = sourcecode.swift; path = CCALuminosityLevelField.swift; sourceTree = "<group>"; };
		82CD6E661A8BA4A10016798B /* CCAPickerView.swift */ = {isa = PBXFileReference; fileEncoding = 4; lastKnownFileType = sourcecode.swift; path = CCAPickerView.swift; sourceTree = "<group>"; };
		82ED9EBB1CF87617004E3A82 /* Images.xcassets */ = {isa = PBXFileReference; lastKnownFileType = folder.assetcatalog; path = Images.xcassets; sourceTree = "<group>"; };
		82FFCA251C688D86004F9E3C /* CCAColourRGBController.swift */ = {isa = PBXFileReference; fileEncoding = 4; lastKnownFileType = sourcecode.swift; path = CCAColourRGBController.swift; sourceTree = "<group>"; };
/* End PBXFileReference section */

/* Begin PBXFrameworksBuildPhase section */
		82C35FF61A76621600D2B3D0 /* Frameworks */ = {
			isa = PBXFrameworksBuildPhase;
			buildActionMask = 2147483647;
			files = (
			);
			runOnlyForDeploymentPostprocessing = 0;
		};
/* End PBXFrameworksBuildPhase section */

/* Begin PBXGroup section */
		82C35FF01A76621500D2B3D0 = {
			isa = PBXGroup;
			children = (
				82C35FFB1A76621600D2B3D0 /* Colour Contrast Analyser */,
				82C35FFA1A76621600D2B3D0 /* Products */,
			);
			sourceTree = "<group>";
		};
		82C35FFA1A76621600D2B3D0 /* Products */ = {
			isa = PBXGroup;
			children = (
				82C35FF91A76621600D2B3D0 /* Colour Contrast Analyser.app */,
			);
			name = Products;
			sourceTree = "<group>";
		};
		82C35FFB1A76621600D2B3D0 /* Colour Contrast Analyser */ = {
			isa = PBXGroup;
			children = (
				82ED9EBB1CF87617004E3A82 /* Images.xcassets */,
				827DD9A71C981FA90063E7E5 /* CCAColourPreviewController.swift */,
				827DD9A31C9812F40063E7E5 /* CCAColourHeaderController.swift */,
				82FFCA251C688D86004F9E3C /* CCAColourRGBController.swift */,
				827DD9A11C98128F0063E7E5 /* CCAColour.swift */,
				829F4F1E1C69D9A100F29C29 /* ColourRGBView.xib */,
				827DD99F1C980F4A0063E7E5 /* ColourHeaderView.xib */,
				827DD9A51C981EC30063E7E5 /* ColourPreviewView.xib */,
				8214D3D51A9B3B3A00CF666F /* Preferences.xib */,
				828B3BB81A77AC2E001A8BAF /* SwiftColors.swift */,
				82C35FFE1A76621600D2B3D0 /* AppDelegate.swift */,
				82C360021A76621600D2B3D0 /* MainWindow.xib */,
				826E66411A93890E007FA9CA /* ColourPicker.xib */,
				82C35FFC1A76621600D2B3D0 /* Supporting Files */,
				825B1D051A78EDEC002B8272 /* LuminosityAlgorithm.swift */,
				82B819891A976AED006889E7 /* ColourDeficiencyAlgorithm.swift */,
				824A66A31A80BDC600AB0738 /* ColourBrightnessDifferenceAlgorithm.swift */,
				82C745D61A7F939D00FC3648 /* CCALuminosityLevelField.swift */,
				823078B71A96369900C29429 /* CCALuminosityControler.swift */,
				824A66A51A80BFAF00AB0738 /* CCAColourBrightnessDifferenceField.swift */,
				828B3BBA1A77CFA2001A8BAF /* CCAColourBrightnessDifferenceController.swift */,
				8275E1431A95FD9900EC53ED /* CCAColourDeficiencyController.swift */,
				82CD6E661A8BA4A10016798B /* CCAPickerView.swift */,
				826E663F1A938586007FA9CA /* CCAPickerController.swift */,
				8275E1531A961A9100EC53ED /* CCAPreferencesController.swift */,
			);
			path = "Colour Contrast Analyser";
			sourceTree = "<group>";
		};
		82C35FFC1A76621600D2B3D0 /* Supporting Files */ = {
			isa = PBXGroup;
			children = (
				8214D3DE1A9B3CEE00CF666F /* Localizable.strings */,
				8275E14C1A96151B00EC53ED /* Credits.rtf */,
				82C35FFD1A76621600D2B3D0 /* Info.plist */,
			);
			name = "Supporting Files";
			sourceTree = "<group>";
		};
/* End PBXGroup section */

/* Begin PBXNativeTarget section */
		82C35FF81A76621600D2B3D0 /* Colour Contrast Analyser */ = {
			isa = PBXNativeTarget;
			buildConfigurationList = 82C360131A76621600D2B3D0 /* Build configuration list for PBXNativeTarget "Colour Contrast Analyser" */;
			buildPhases = (
				82C35FF51A76621600D2B3D0 /* Sources */,
				82C35FF61A76621600D2B3D0 /* Frameworks */,
				82C35FF71A76621600D2B3D0 /* Resources */,
			);
			buildRules = (
			);
			dependencies = (
			);
			name = "Colour Contrast Analyser";
			productName = "Colour Contrast Analyser";
			productReference = 82C35FF91A76621600D2B3D0 /* Colour Contrast Analyser.app */;
			productType = "com.apple.product-type.application";
		};
/* End PBXNativeTarget section */

/* Begin PBXProject section */
		82C35FF11A76621600D2B3D0 /* Project object */ = {
			isa = PBXProject;
			attributes = {
				LastSwiftUpdateCheck = 0700;
				LastUpgradeCheck = 0900;
				ORGANIZATIONNAME = "Cédric Trévisan";
				TargetAttributes = {
					82C35FF81A76621600D2B3D0 = {
						CreatedOnToolsVersion = 6.1.1;
						LastSwiftMigration = 0900;
					};
				};
			};
			buildConfigurationList = 82C35FF41A76621600D2B3D0 /* Build configuration list for PBXProject "Colour Contrast Analyser" */;
			compatibilityVersion = "Xcode 6.3";
			developmentRegion = English;
			hasScannedForEncodings = 0;
			knownRegions = (
				en,
				Base,
				fr,
			);
			mainGroup = 82C35FF01A76621500D2B3D0;
			productRefGroup = 82C35FFA1A76621600D2B3D0 /* Products */;
			projectDirPath = "";
			projectRoot = "";
			targets = (
				82C35FF81A76621600D2B3D0 /* Colour Contrast Analyser */,
			);
		};
/* End PBXProject section */

/* Begin PBXResourcesBuildPhase section */
		82C35FF71A76621600D2B3D0 /* Resources */ = {
			isa = PBXResourcesBuildPhase;
			buildActionMask = 2147483647;
			files = (
				82ED9EBC1CF87617004E3A82 /* Images.xcassets in Resources */,
				8214D3DC1A9B3CEE00CF666F /* Localizable.strings in Resources */,
				826E66421A93890E007FA9CA /* ColourPicker.xib in Resources */,
				8214D3D31A9B3B3A00CF666F /* Preferences.xib in Resources */,
				827DD9A61C981EC30063E7E5 /* ColourPreviewView.xib in Resources */,
				82C360041A76621600D2B3D0 /* MainWindow.xib in Resources */,
				829F4F1F1C69D9A100F29C29 /* ColourRGBView.xib in Resources */,
				8275E14A1A96151B00EC53ED /* Credits.rtf in Resources */,
				827DD9A01C980F4A0063E7E5 /* ColourHeaderView.xib in Resources */,
			);
			runOnlyForDeploymentPostprocessing = 0;
		};
/* End PBXResourcesBuildPhase section */

/* Begin PBXSourcesBuildPhase section */
		82C35FF51A76621600D2B3D0 /* Sources */ = {
			isa = PBXSourcesBuildPhase;
			buildActionMask = 2147483647;
			files = (
				827DD9A81C981FA90063E7E5 /* CCAColourPreviewController.swift in Sources */,
				824A66A61A80BFAF00AB0738 /* CCAColourBrightnessDifferenceField.swift in Sources */,
				826E66401A938586007FA9CA /* CCAPickerController.swift in Sources */,
				82B8198A1A976AED006889E7 /* ColourDeficiencyAlgorithm.swift in Sources */,
				823078B81A96369900C29429 /* CCALuminosityControler.swift in Sources */,
				82FFCA261C688D86004F9E3C /* CCAColourRGBController.swift in Sources */,
				825B1D061A78EDEC002B8272 /* LuminosityAlgorithm.swift in Sources */,
				828B3BBB1A77CFA2001A8BAF /* CCAColourBrightnessDifferenceController.swift in Sources */,
				827DD9A41C9812F40063E7E5 /* CCAColourHeaderController.swift in Sources */,
				82C745D71A7F939D00FC3648 /* CCALuminosityLevelField.swift in Sources */,
				8275E1541A961A9100EC53ED /* CCAPreferencesController.swift in Sources */,
				8275E1441A95FD9900EC53ED /* CCAColourDeficiencyController.swift in Sources */,
				82CD6E671A8BA4A10016798B /* CCAPickerView.swift in Sources */,
				827DD9A21C98128F0063E7E5 /* CCAColour.swift in Sources */,
				82C35FFF1A76621600D2B3D0 /* AppDelegate.swift in Sources */,
				824A66A41A80BDC600AB0738 /* ColourBrightnessDifferenceAlgorithm.swift in Sources */,
				828B3BB91A77AC2E001A8BAF /* SwiftColors.swift in Sources */,
			);
			runOnlyForDeploymentPostprocessing = 0;
		};
/* End PBXSourcesBuildPhase section */

/* Begin PBXVariantGroup section */
		8214D3D51A9B3B3A00CF666F /* Preferences.xib */ = {
			isa = PBXVariantGroup;
			children = (
				8214D3D41A9B3B3A00CF666F /* Base */,
				8214D3D71A9B3B3D00CF666F /* en */,
				8214D3D91A9B3B3F00CF666F /* fr */,
			);
			name = Preferences.xib;
			sourceTree = "<group>";
		};
		8214D3DE1A9B3CEE00CF666F /* Localizable.strings */ = {
			isa = PBXVariantGroup;
			children = (
				8214D3DF1A9B3CF100CF666F /* en */,
				8214D3E01A9B3CF300CF666F /* fr */,
			);
			name = Localizable.strings;
			sourceTree = "<group>";
		};
		8275E14C1A96151B00EC53ED /* Credits.rtf */ = {
			isa = PBXVariantGroup;
			children = (
				8275E14B1A96151B00EC53ED /* fr */,
				8275E14E1A96152400EC53ED /* en */,
			);
			name = Credits.rtf;
			sourceTree = "<group>";
		};
		82C360021A76621600D2B3D0 /* MainWindow.xib */ = {
			isa = PBXVariantGroup;
			children = (
				82C360031A76621600D2B3D0 /* Base */,
				823A7C761A9B22DE008870C4 /* en */,
				823A7C781A9B2893008870C4 /* fr */,
			);
			name = MainWindow.xib;
			sourceTree = "<group>";
		};
/* End PBXVariantGroup section */

/* Begin XCBuildConfiguration section */
		82C360111A76621600D2B3D0 /* Debug */ = {
			isa = XCBuildConfiguration;
			buildSettings = {
				ALWAYS_SEARCH_USER_PATHS = NO;
				CLANG_ANALYZER_LOCALIZABILITY_NONLOCALIZED = YES;
				CLANG_CXX_LANGUAGE_STANDARD = "gnu++0x";
				CLANG_CXX_LIBRARY = "libc++";
				CLANG_ENABLE_MODULES = YES;
				CLANG_ENABLE_OBJC_ARC = YES;
				CLANG_WARN_BLOCK_CAPTURE_AUTORELEASING = YES;
				CLANG_WARN_BOOL_CONVERSION = YES;
				CLANG_WARN_COMMA = YES;
				CLANG_WARN_CONSTANT_CONVERSION = YES;
				CLANG_WARN_DIRECT_OBJC_ISA_USAGE = YES_ERROR;
				CLANG_WARN_EMPTY_BODY = YES;
				CLANG_WARN_ENUM_CONVERSION = YES;
				CLANG_WARN_INFINITE_RECURSION = YES;
				CLANG_WARN_INT_CONVERSION = YES;
				CLANG_WARN_NON_LITERAL_NULL_CONVERSION = YES;
				CLANG_WARN_OBJC_LITERAL_CONVERSION = YES;
				CLANG_WARN_OBJC_ROOT_CLASS = YES_ERROR;
				CLANG_WARN_RANGE_LOOP_ANALYSIS = YES;
				CLANG_WARN_STRICT_PROTOTYPES = YES;
				CLANG_WARN_SUSPICIOUS_MOVE = YES;
				CLANG_WARN_UNREACHABLE_CODE = YES;
				CLANG_WARN__DUPLICATE_METHOD_MATCH = YES;
				CODE_SIGN_IDENTITY = "";
				COPY_PHASE_STRIP = NO;
				ENABLE_STRICT_OBJC_MSGSEND = YES;
				ENABLE_TESTABILITY = YES;
				GCC_C_LANGUAGE_STANDARD = gnu99;
				GCC_DYNAMIC_NO_PIC = NO;
				GCC_NO_COMMON_BLOCKS = YES;
				GCC_OPTIMIZATION_LEVEL = 0;
				GCC_PREPROCESSOR_DEFINITIONS = (
					"DEBUG=1",
					"$(inherited)",
				);
				GCC_SYMBOLS_PRIVATE_EXTERN = NO;
				GCC_WARN_64_TO_32_BIT_CONVERSION = YES;
				GCC_WARN_ABOUT_RETURN_TYPE = YES_ERROR;
				GCC_WARN_UNDECLARED_SELECTOR = YES;
				GCC_WARN_UNINITIALIZED_AUTOS = YES_AGGRESSIVE;
				GCC_WARN_UNUSED_FUNCTION = YES;
				GCC_WARN_UNUSED_VARIABLE = YES;
				MACOSX_DEPLOYMENT_TARGET = 10.11;
				MTL_ENABLE_DEBUG_INFO = YES;
				ONLY_ACTIVE_ARCH = YES;
				SDKROOT = macosx;
				SWIFT_OPTIMIZATION_LEVEL = "-Onone";
				SWIFT_VERSION = 3.0;
			};
			name = Debug;
		};
		82C360121A76621600D2B3D0 /* Release */ = {
			isa = XCBuildConfiguration;
			buildSettings = {
				ALWAYS_SEARCH_USER_PATHS = NO;
				CLANG_ANALYZER_LOCALIZABILITY_NONLOCALIZED = YES;
				CLANG_CXX_LANGUAGE_STANDARD = "gnu++0x";
				CLANG_CXX_LIBRARY = "libc++";
				CLANG_ENABLE_MODULES = YES;
				CLANG_ENABLE_OBJC_ARC = YES;
				CLANG_WARN_BLOCK_CAPTURE_AUTORELEASING = YES;
				CLANG_WARN_BOOL_CONVERSION = YES;
				CLANG_WARN_COMMA = YES;
				CLANG_WARN_CONSTANT_CONVERSION = YES;
				CLANG_WARN_DIRECT_OBJC_ISA_USAGE = YES_ERROR;
				CLANG_WARN_EMPTY_BODY = YES;
				CLANG_WARN_ENUM_CONVERSION = YES;
				CLANG_WARN_INFINITE_RECURSION = YES;
				CLANG_WARN_INT_CONVERSION = YES;
				CLANG_WARN_NON_LITERAL_NULL_CONVERSION = YES;
				CLANG_WARN_OBJC_LITERAL_CONVERSION = YES;
				CLANG_WARN_OBJC_ROOT_CLASS = YES_ERROR;
				CLANG_WARN_RANGE_LOOP_ANALYSIS = YES;
				CLANG_WARN_STRICT_PROTOTYPES = YES;
				CLANG_WARN_SUSPICIOUS_MOVE = YES;
				CLANG_WARN_UNREACHABLE_CODE = YES;
				CLANG_WARN__DUPLICATE_METHOD_MATCH = YES;
				CODE_SIGN_IDENTITY = "";
				COPY_PHASE_STRIP = YES;
				DEBUG_INFORMATION_FORMAT = "dwarf-with-dsym";
				ENABLE_NS_ASSERTIONS = NO;
				ENABLE_STRICT_OBJC_MSGSEND = YES;
				GCC_C_LANGUAGE_STANDARD = gnu99;
				GCC_NO_COMMON_BLOCKS = YES;
				GCC_WARN_64_TO_32_BIT_CONVERSION = YES;
				GCC_WARN_ABOUT_RETURN_TYPE = YES_ERROR;
				GCC_WARN_UNDECLARED_SELECTOR = YES;
				GCC_WARN_UNINITIALIZED_AUTOS = YES_AGGRESSIVE;
				GCC_WARN_UNUSED_FUNCTION = YES;
				GCC_WARN_UNUSED_VARIABLE = YES;
				MACOSX_DEPLOYMENT_TARGET = 10.11;
				MTL_ENABLE_DEBUG_INFO = NO;
				ONLY_ACTIVE_ARCH = YES;
				SDKROOT = macosx;
				SWIFT_OPTIMIZATION_LEVEL = "-Owholemodule";
				SWIFT_VERSION = 3.0;
			};
			name = Release;
		};
		82C360141A76621600D2B3D0 /* Debug */ = {
			isa = XCBuildConfiguration;
			buildSettings = {
				ASSETCATALOG_COMPILER_APPICON_NAME = AppIcon;
				COMBINE_HIDPI_IMAGES = YES;
				INFOPLIST_FILE = "Colour Contrast Analyser/Info.plist";
				LD_RUNPATH_SEARCH_PATHS = "$(inherited) @executable_path/../Frameworks";
				MACOSX_DEPLOYMENT_TARGET = 10.11;
				ONLY_ACTIVE_ARCH = YES;
				PRODUCT_BUNDLE_IDENTIFIER = "TPG.$(PRODUCT_NAME:rfc1034identifier)";
				PRODUCT_NAME = "$(TARGET_NAME)";
				SWIFT_SWIFT3_OBJC_INFERENCE = Default;
				SWIFT_VERSION = 4.0;
			};
			name = Debug;
		};
		82C360151A76621600D2B3D0 /* Release */ = {
			isa = XCBuildConfiguration;
			buildSettings = {
				ASSETCATALOG_COMPILER_APPICON_NAME = AppIcon;
				COMBINE_HIDPI_IMAGES = YES;
				INFOPLIST_FILE = "Colour Contrast Analyser/Info.plist";
				LD_RUNPATH_SEARCH_PATHS = "$(inherited) @executable_path/../Frameworks";
				MACOSX_DEPLOYMENT_TARGET = 10.11;
				ONLY_ACTIVE_ARCH = NO;
				PRODUCT_BUNDLE_IDENTIFIER = "TPG.$(PRODUCT_NAME:rfc1034identifier)";
				PRODUCT_NAME = "$(TARGET_NAME)";
				SWIFT_SWIFT3_OBJC_INFERENCE = Default;
				SWIFT_VERSION = 4.0;
			};
			name = Release;
		};
/* End XCBuildConfiguration section */

/* Begin XCConfigurationList section */
		82C35FF41A76621600D2B3D0 /* Build configuration list for PBXProject "Colour Contrast Analyser" */ = {
			isa = XCConfigurationList;
			buildConfigurations = (
				82C360111A76621600D2B3D0 /* Debug */,
				82C360121A76621600D2B3D0 /* Release */,
			);
			defaultConfigurationIsVisible = 0;
			defaultConfigurationName = Release;
		};
		82C360131A76621600D2B3D0 /* Build configuration list for PBXNativeTarget "Colour Contrast Analyser" */ = {
			isa = XCConfigurationList;
			buildConfigurations = (
				82C360141A76621600D2B3D0 /* Debug */,
				82C360151A76621600D2B3D0 /* Release */,
			);
			defaultConfigurationIsVisible = 0;
			defaultConfigurationName = Release;
		};
/* End XCConfigurationList section */
	};
	rootObject = 82C35FF11A76621600D2B3D0 /* Project object */;
}
